{
  "lockfileVersion": 1,
  "configVersion": 1,
  "workspaces": {
    "": {
      "name": "dev-tools",
      "devDependencies": {
        "@lewishowles/cli-style": "^0.8.0",
      },
    },
    "packages/web-audit": {
      "name": "web-audit",
      "version": "0.1.0",
      "bin": {
        "web-audit": "src/cli.ts",
      },
      "dependencies": {
        "playwright": "^1.61.1",
      },
    },
  },
  "packages": {
    "@lewishowles/cli-style": ["@lewishowles/cli-style@0.8.0", "", { "bin": { "cli-style": "bin/cli-style.js" } }, "sha512-Irfid0ZfmSW4QyHrmtAD5oGId9Q+M5284slyvBJ8ZS3ZV2NM5RkKdzCr/FtuTT/+cnRPARft0Qv9h5JwMrR+HA=="],

    "fsevents": ["fsevents@2.3.2", "", { "os": "darwin" }, "sha512-xiqMQR4xAeHTuB9uWm+fFRcIOgKBMiOBP+eXiyT7jsgVCq1bkVygt00oASowB7EdtpOHaaPgKt812P9ab+DDKA=="],

    "playwright": ["playwright@1.61.1", "", { "dependencies": { "playwright-core": "1.61.1" }, "optionalDependencies": { "fsevents": "2.3.2" }, "bin": { "playwright": "cli.js" } }, "sha512-DWnY5o3YbLWK4GovuAVwpqL+1VwGNdUGrRr++8j8PtQQzvAVZUIMjKQ90fY689sEJZJBbZVw1rXaOKSTitkzPQ=="],

    "playwright-core": ["playwright-core@1.61.1", "", { "bin": { "playwright-core": "cli.js" } }, "sha512-h7Qlt6m4REp25qvIdvbDtVmD4LqVXfpRxhORv9L0jzETM05p4fuPJ3dKyuSXQxDSbXnmS79HAgi9589lGSpLkg=="],

    "web-audit": ["web-audit@workspace:packages/web-audit"],
  }
}
